
Microsoft Visual Studio Solution File, Format Version 12.00
Project("{FAE04EC0-301F-11D3-BF4B-00C04F79EFBC}") = "Electric", "Electric.csproj", "{CA2B130A-53EF-42B6-94BC-3AEE1DB78456}"
EndProject
Global
	GlobalSection(SolutionConfigurationPlatforms) = preSolution
		Debug|Any CPU = Debug|Any CPU
		Release|Any CPU = Release|Any CPU
	EndGlobalSection
	GlobalSection(ProjectConfigurationPlatforms) = postSolution
		{CA2B130A-53EF-42B6-94BC-3AEE1DB78456}.Debug|Any CPU.ActiveCfg = Debug|Any CPU
		{CA2B130A-53EF-42B6-94BC-3AEE1DB78456}.Debug|Any CPU.Build.0 = Debug|Any CPU
		{CA2B130A-53EF-42B6-94BC-3AEE1DB78456}.Release|Any CPU.ActiveCfg = Release|Any CPU
		{CA2B130A-53EF-42B6-94BC-3AEE1DB78456}.Release|Any CPU.Build.0 = Release|Any CPU
	EndGlobalSection
EndGlobal
